
Microsoft Visual Studio Solution File, Format Version 12.00
# Visual Studio Version 16
VisualStudioVersion = 16.0.34031.81
MinimumVisualStudioVersion = 10.0.40219.1
Project("{8BC9CEB8-8B4A-11D0-8D11-00A0C91BC942}") = "EcuTunerApp", "EcuTunerApp\EcuTunerApp.vcxproj", "{1305646F-AA8C-4FD4-92D5-C70DE78FAE8D}"
EndProject
Global
	GlobalSection(SolutionConfigurationPlatforms) = preSolution
		Debug|x64 = Debug|x64
		Release|x64 = Release|x64
	EndGlobalSection
	GlobalSection(ProjectConfigurationPlatforms) = postSolution
		{1305646F-AA8C-4FD4-92D5-C70DE78FAE8D}.Debug|x64.ActiveCfg = Debug|x64
		{1305646F-AA8C-4FD4-92D5-C70DE78FAE8D}.Debug|x64.Build.0 = Debug|x64
		{1305646F-AA8C-4FD4-92D5-C70DE78FAE8D}.Release|x64.ActiveCfg = Release|x64
		{1305646F-AA8C-4FD4-92D5-C70DE78FAE8D}.Release|x64.Build.0 = Release|x64
	EndGlobalSection
	GlobalSection(SolutionProperties) = preSolution
		HideSolutionNode = FALSE
	EndGlobalSection
	GlobalSection(ExtensibilityGlobals) = postSolution
		SolutionGuid = {BDEA7B87-06BF-4523-AB77-08975D676D22}
	EndGlobalSection
EndGlobal
